<?xml version="1.0" encoding="utf-8"?>
<Project ToolsVersion="4.0" xmlns="http://schemas.microsoft.com/developer/msbuild/2003">
  <ItemGroup>
    <Filter Include="소스 파일">
      <UniqueIdentifier>{4FC737F1-C7A5-4376-A066-2A32D752A2FF}</UniqueIdentifier>
      <Extensions>cpp;c;cc;cxx;def;odl;idl;hpj;bat;asm;asmx</Extensions>
    </Filter>
    <Filter Include="헤더 파일">
      <UniqueIdentifier>{93995380-89BD-4b04-88EB-625FBE52EBFB}</UniqueIdentifier>
      <Extensions>h;hh;hpp;hxx;hm;inl;inc;ipp;xsd</Extensions>
    </Filter>
    <Filter Include="리소스 파일">
      <UniqueIdentifier>{67DA6AB6-F800-4c08-8B7A-83BB121AAD01}</UniqueIdentifier>
      <Extensions>rc;ico;cur;bmp;dlg;rc2;rct;bin;rgs;gif;jpg;jpeg;jpe;resx;tiff;tif;png;wav;mfcribbon-ms</Extensions>
    </Filter>
    <Filter Include="System">
      <UniqueIdentifier>{0d7a2ccf-5e11-4d7d-9502-b7c270591d62}</UniqueIdentifier>
    </Filter>
    <Filter Include="System\Scene">
      <UniqueIdentifier>{84f06e8a-5d51-4b75-8234-663db2f0063f}</UniqueIdentifier>
    </Filter>
  </ItemGroup>
  <ItemGroup>
    <ClInclude Include="framework.h">
      <Filter>헤더 파일</Filter>
    </ClInclude>
    <ClInclude Include="targetver.h">
      <Filter>헤더 파일</Filter>
    </ClInclude>
    <ClInclude Include="Resource.h">
      <Filter>헤더 파일</Filter>
    </ClInclude>
    <ClInclude Include="GameSystem.h">
      <Filter>System</Filter>
    </ClInclude>
    <ClInclude Include="Online_3.h">
      <Filter>System</Filter>
    </ClInclude>
    <ClInclude Include="GraphicManager.h">
      <Filter>System</Filter>
    </ClInclude>
    <ClInclude Include="GameObject.h">
      <Filter>System</Filter>
    </ClInclude>
    <ClInclude Include="GameScene.h">
      <Filter>System\Scene</Filter>
    </ClInclude>
    <ClInclude Include="Scene.h">
      <Filter>System\Scene</Filter>
    </ClInclude>
    <ClInclude Include="Player.h">
      <Filter>System</Filter>
    </ClInclude>
    <ClInclude Include="Bullet.h">
      <Filter>System</Filter>
    </ClInclude>
  </ItemGroup>
  <ItemGroup>
    <ClCompile Include="Online_3.cpp">
      <Filter>System</Filter>
    </ClCompile>
    <ClCompile Include="GameSystem.cpp">
      <Filter>System</Filter>
    </ClCompile>
    <ClCompile Include="GraphicManager.cpp">
      <Filter>System</Filter>
    </ClCompile>
    <ClCompile Include="GameObject.cpp">
      <Filter>System</Filter>
    </ClCompile>
    <ClCompile Include="GameScene.cpp">
      <Filter>System\Scene</Filter>
    </ClCompile>
    <ClCompile Include="Scene.cpp">
      <Filter>System\Scene</Filter>
    </ClCompile>
    <ClCompile Include="Player.cpp">
      <Filter>System</Filter>
    </ClCompile>
    <ClCompile Include="Bullet.cpp">
      <Filter>System</Filter>
    </ClCompile>
  </ItemGroup>
  <ItemGroup>
    <ResourceCompile Include="Online_3.rc">
      <Filter>리소스 파일</Filter>
    </ResourceCompile>
  </ItemGroup>
  <ItemGroup>
    <Image Include="small.ico">
      <Filter>리소스 파일</Filter>
    </Image>
    <Image Include="Online_3.ico">
      <Filter>리소스 파일</Filter>
    </Image>
  </ItemGroup>
</Project>